Microsoft Visual Studio Solution File, Format Version 12.00
# Visual Studio Version 17
VisualStudioVersion = 17.5.2.0
MinimumVisualStudioVersion = 10.0.40219.1
Project("{FAE04EC0-301F-11D3-BF4B-00C04F79EFBC}") = "gestion-bibliotecaria", "gestion-bibliotecaria.csproj", "{61921602-F6BD-431E-3522-3378EA9AA513}"
EndProject
Global
	GlobalSection(SolutionConfigurationPlatforms) = preSolution
		Debug|Any CPU = Debug|Any CPU
		Release|Any CPU = Release|Any CPU
	EndGlobalSection
	GlobalSection(ProjectConfigurationPlatforms) = postSolution
		{61921602-F6BD-431E-3522-3378EA9AA513}.Debug|Any CPU.ActiveCfg = Debug|Any CPU
		{61921602-F6BD-431E-3522-3378EA9AA513}.Debug|Any CPU.Build.0 = Debug|Any CPU
		{61921602-F6BD-431E-3522-3378EA9AA513}.Release|Any CPU.ActiveCfg = Release|Any CPU
		{61921602-F6BD-431E-3522-3378EA9AA513}.Release|Any CPU.Build.0 = Release|Any CPU
	EndGlobalSection
	GlobalSection(SolutionProperties) = preSolution
		HideSolutionNode = FALSE
	EndGlobalSection
	GlobalSection(ExtensibilityGlobals) = postSolution
		SolutionGuid = {11D4E141-B6F1-44AC-8402-36DD2B8545A0}
	EndGlobalSection
EndGlobal
